
Microsoft Visual Studio Solution File, Format Version 12.00
# Visual Studio Version 17
VisualStudioVersion = 17.11.35312.102
MinimumVisualStudioVersion = 10.0.40219.1
Project("{FAE04EC0-301F-11D3-BF4B-00C04F79EFBC}") = "AppEvents", "AppEvents.csproj", "{77A37EE4-9CA3-4F31-AD54-003099173CAA}"
EndProject
Global
	GlobalSection(SolutionConfigurationPlatforms) = preSolution
		Debug|Any CPU = Debug|Any CPU
		Release|Any CPU = Release|Any CPU
	EndGlobalSection
	GlobalSection(ProjectConfigurationPlatforms) = postSolution
		{77A37EE4-9CA3-4F31-AD54-003099173CAA}.Debug|Any CPU.ActiveCfg = Debug|Any CPU
		{77A37EE4-9CA3-4F31-AD54-003099173CAA}.Debug|Any CPU.Build.0 = Debug|Any CPU
		{77A37EE4-9CA3-4F31-AD54-003099173CAA}.Release|Any CPU.ActiveCfg = Release|Any CPU
		{77A37EE4-9CA3-4F31-AD54-003099173CAA}.Release|Any CPU.Build.0 = Release|Any CPU
	EndGlobalSection
	GlobalSection(SolutionProperties) = preSolution
		HideSolutionNode = FALSE
	EndGlobalSection
	GlobalSection(ExtensibilityGlobals) = postSolution
		SolutionGuid = {8ABAA31D-5CCC-4475-B833-6D019BA9D786}
	EndGlobalSection
EndGlobal
